{
  "nodes": {
    "agenix": {
      "inputs": {
        "nixpkgs": [
          "nixpkgs"
        ]
      },
      "locked": {
        "lastModified": 1790734419,
        "narHash": "sha256-n7wew722m1OTBT9DOIMxNX/NF4zfsSUABAO5eW3wikE=",
        "owner": "ryantm",
        "repo": "agenix",
        "rev": "3daa710894355fa2fad8243380af373a2b4046ef",
        "type": "github"
      },
      "original": {
        "owner": "ryantm",
        "repo": "agenix",
        "type": "github"
      }
    },
    "base16": {
      "inputs": {
        "fromYaml": "fromYaml"
      },
      "locked": {
        "lastModified": 1755819240,
        "narHash": "sha256-qcMhnL7aGAuFuutH4rq9fvAhCpJWVHLcHVZLtPctPlo=",
        "owner": "SenchoPens",
        "repo": "base16.nix",
        "rev": "75ed5e5e3fce37df22e49125181fa37899c3ccd6",
        "type": "github"
      },
      "original": {
        "owner": "SenchoPens",
        "repo": "base16.nix",
        "type": "github"
      }
    },
    "base16-fish": {
      "flake": false,
      "locked": {
        "lastModified": 1765809053,
        "narHash": "sha256-XCUQLoLfBJ8saWms2HCIj4NEN+xNsWBlU1NrEPcQG4s=",
        "owner": "tomyun",
        "repo": "base16-fish",
        "rev": "86cbea4dca62e08fb7fd83a70e96472f92574782",
        "type": "github"
      },
      "original": {
        "owner": "tomyun",
        "repo": "base16-fish",
        "rev": "86cbea4dca62e08fb7fd83a70e96472f92574782",
        "type": "github"
      }
    },
    "base16-helix": {
      "flake": false,
      "locked": {
        "lastModified": 1776754714,
        "narHash": "sha256-E3OAK27smtATTmX45uoTSRsVD+Y+ZiVVfgM/tjpbtYg=",
        "owner": "tinted-theming",
        "repo": "base16-helix",
        "rev": "4d508123037e7851ad36ebf7d9c48b0e9e1eb581",
        "type": "github"
      },
      "original": {
        "owner": "tinted-theming",
        "repo": "base16-helix",
        "type": "github"
      }
    },
    "base16-vim": {
      "flake": false,
      "locked": {
        "lastModified": 1732806396,
        "narHash": "sha256-e0bpPySdJf0F68Ndanwm+KWHgQiZ0s7liLhvJSWDNsA=",
        "owner": "tinted-theming",
        "repo": "base16-vim",
        "rev": "577fe8125d74ff456cf942c733a85d769afe58b7",
        "type": "github"
      },
      "original": {
        "owner": "tinted-theming",
        "repo": "base16-vim",
        "rev": "577fe8125d74ff456cf942c733a85d769afe58b7",
        "type": "github"
      }
    },
    "crane": {
      "locked": {
        "lastModified": 1790899423,
        "narHash": "sha256-THGtz65UGJU+sonZidRboyCMk+9DclpMF7pwL4uDV4M=",
        "owner": "ipetkov",
        "repo": "crane",
        "rev": "47b6b27ed9a3a9181415e4367d0c30ab2a0e0250",
        "type": "github"
      },
      "original": {
        "owner": "ipetkov",
        "repo": "crane",
        "type": "github"
      }
    },
    "firefox-gnome-theme": {
      "flake": false,
      "locked": {
        "lastModified": 1783570805,
        "narHash": "sha256-ptl5aRlCv9/uRSv2u8Hq8UFVFeZ6Q/bT049bpqNgc3w=",
        "owner": "rafaelmardojai",
        "repo": "firefox-gnome-theme",
        "rev": "5602ed62d638142c1ab31dccd01dfbfb28841225",
        "type": "github"
      },
      "original": {
        "owner": "rafaelmardojai",
        "repo": "firefox-gnome-theme",
        "type": "github"
      }
    },
    "flake-parts": {
      "inputs": {
        "nixpkgs-lib": [
          "stylix",
          "nixpkgs"
        ]
      },
      "locked": {
        "lastModified": 1782949081,
        "narHash": "sha256-vp6Y/Grm98ESt6ceOkWiHWyZRDV3J1RID4w+6NWK9yA=",
        "owner": "hercules-ci",
        "repo": "flake-parts",
        "rev": "17c9d6cdfc60c64f4ee8d306f9bc0b4ccb51481e",
        "type": "github"
      },
      "original": {
        "owner": "hercules-ci",
        "repo": "flake-parts",
        "type": "github"
      }
    },
    "fromYaml": {
      "flake": false,
      "locked": {
        "lastModified": 1731966426,
        "narHash": "sha256-lq95WydhbUTWig/JpqiB7oViTcHFP8Lv41IGtayokA8=",
        "owner": "SenchoPens",
        "repo": "fromYaml",
        "rev": "106af9e2f715e2d828df706c386a685698f3223b",
        "type": "github"
      },
      "original": {
        "owner": "SenchoPens",
        "repo": "fromYaml",
        "type": "github"
      }
    },
    "git-check": {
      "inputs": {
        "crane": [
          "crane"
        ],
        "nixpkgs": [
          "nixpkgs"
        ]
      },
      "locked": {
        "lastModified": 1790867674,
        "narHash": "sha256-iIUrUyUrY1jFgpF6+YKgZzp9Tq/MtR01Q3PKjnKanIs=",
        "ref": "refs/heads/main",
        "rev": "f749df7bf573d842500ccf9146e1e34e46c24690",
        "revCount": 10,
        "type": "git",
        "url": "ssh://git@git.jayden.codes/jayden/git-check.git"
      },
      "original": {
        "type": "git",
        "url": "ssh://git@git.jayden.codes/jayden/git-check.git"
      }
    },
    "gnome-shell": {
      "flake": false,
      "locked": {
        "lastModified": 1767737596,
        "narHash": "sha256-eFujfIUQDgWnSJBablOuG+32hCai192yRdrNHTv0a+s=",
        "owner": "GNOME",
        "repo": "gnome-shell",
        "rev": "ef02db02bf0ff342734d525b5767814770d85b49",
        "type": "github"
      },
      "original": {
        "owner": "GNOME",
        "repo": "gnome-shell",
        "rev": "ef02db02bf0ff342734d525b5767814770d85b49",
        "type": "github"
      }
    },
    "guitar-midi-mapper": {
      "inputs": {
        "crane": [
          "crane"
        ],
        "nixpkgs": [
          "nixpkgs"
        ]
      },
      "locked": {
        "lastModified": 1790867516,
        "narHash": "sha256-qH44UHStq2wgv1Roa9ukMObqr7w7ytBBMah+YBTRWNU=",
        "ref": "refs/heads/main",
        "rev": "a6711a8a29d3ff1bb45f1c8540489b8bc639e251",
        "revCount": 21,
        "type": "git",
        "url": "ssh://git@git.jayden.codes/jayden/guitar-midi-mapper.git"
      },
      "original": {
        "type": "git",
        "url": "ssh://git@git.jayden.codes/jayden/guitar-midi-mapper.git"
      }
    },
    "home-manager": {
      "inputs": {
        "nixpkgs": [
          "nixpkgs"
        ]
      },
      "locked": {
        "lastModified": 1790742243,
        "narHash": "sha256-kaNo6xHiL31AbNNEreG0OTKf4j6Cxlo5bPawjX7lnbQ=",
        "owner": "nix-community",
        "repo": "home-manager",
        "rev": "e5fcd298a00f08b6e8390baf04aa8edb62203070",
        "type": "github"
      },
      "original": {
        "owner": "nix-community",
        "ref": "release-26.05",
        "repo": "home-manager",
        "type": "github"
      }
    },
    "ic4-scrape": {
      "inputs": {
        "crane": [
          "crane"
        ],
        "nixpkgs": [
          "nixpkgs"
        ]
      },
      "locked": {
        "lastModified": 1791483356,
        "narHash": "sha256-xbicZ/XO6ao25qKZBFzhA84nDGJVJvrla7NQxZ3u2ls=",
        "ref": "refs/heads/main",
        "rev": "f39b4e65a9ec2c2194403b05bff6ea8e75122260",
        "revCount": 1,
        "type": "git",
        "url": "ssh://git@git.jayden.codes/jayden/ic4-scrape.git"
      },
      "original": {
        "type": "git",
        "url": "ssh://git@git.jayden.codes/jayden/ic4-scrape.git"
      }
    },
    "mdv": {
      "inputs": {
        "nixpkgs": [
          "nixpkgs"
        ]
      },
      "locked": {
        "lastModified": 1791388353,
        "narHash": "sha256-Ew6hqtAxwLfzmO2tpN96J6YVp5xlBGVcc6tl9yvIcXQ=",
        "ref": "refs/heads/main",
        "rev": "bbee6e9c2a43354e1e1daea982588e02767ff5c1",
        "revCount": 4,
        "type": "git",
        "url": "ssh://git@git.jayden.codes/jayden/mdv.git"
      },
      "original": {
        "type": "git",
        "url": "ssh://git@git.jayden.codes/jayden/mdv.git"
      }
    },
    "mediaman": {
      "inputs": {
        "nixpkgs": [
          "nixpkgs"
        ]
      },
      "locked": {
        "lastModified": 1790868119,
        "narHash": "sha256-rsa6MVEhlh/ZPTM0oCDa+MF3gjE3De8dAEsjtA7UCwM=",
        "ref": "refs/heads/main",
        "rev": "3291350e8f1a28ecec3d1261e7348445bc2e7436",
        "revCount": 19,
        "type": "git",
        "url": "ssh://git@git.jayden.codes/jayden/mediaman.git"
      },
      "original": {
        "type": "git",
        "url": "ssh://git@git.jayden.codes/jayden/mediaman.git"
      }
    },
    "nixpkgs": {
      "locked": {
        "lastModified": 1790920529,
        "narHash": "sha256-nQyFkMR78WP6PiXKkDW2SjqzLf/spQqjRuxRGSbcV8k=",
        "owner": "nixos",
        "repo": "nixpkgs",
        "rev": "774debe7a0d1b496e35677ad955a1011c6ff74f3",
        "type": "github"
      },
      "original": {
        "owner": "nixos",
        "ref": "nixos-26.05",
        "repo": "nixpkgs",
        "type": "github"
      }
    },
    "nixpkgs-cuda": {
      "locked": {
        "lastModified": 1789844176,
        "narHash": "sha256-COQmpo4lFIzMgUjr3ntDpjH0NwrCnf7N0uhR+6WPGP8=",
        "owner": "nixos",
        "repo": "nixpkgs",
        "rev": "79b35bf0bda5cd110f856aa5b5b2c5ba4460dbf5",
        "type": "github"
      },
      "original": {
        "owner": "nixos",
        "repo": "nixpkgs",
        "rev": "79b35bf0bda5cd110f856aa5b5b2c5ba4460dbf5",
        "type": "github"
      }
    },
    "nixpkgs-unstable": {
      "locked": {
        "lastModified": 1790822859,
        "narHash": "sha256-69xHQhAeMAD2wDXO7T2pcOZIF9Sga2W+JkmY2a11Ops=",
        "owner": "nixos",
        "repo": "nixpkgs",
        "rev": "c59305bab2065cfecc4944690d9eedbb56f3a9fa",
        "type": "github"
      },
      "original": {
        "owner": "nixos",
        "ref": "nixos-unstable",
        "repo": "nixpkgs",
        "type": "github"
      }
    },
    "notifications-dbus-mon": {
      "inputs": {
        "crane": [
          "crane"
        ],
        "nixpkgs": [
          "nixpkgs"
        ]
      },
      "locked": {
        "lastModified": 1790867436,
        "narHash": "sha256-wsBqRqhpXPqabJUxS+4pHv/WSeMxOwAvafGIipgh2CE=",
        "ref": "refs/heads/main",
        "rev": "997be1b081a91e535a5da4621e82862e02cf51d8",
        "revCount": 12,
        "type": "git",
        "url": "ssh://git@git.jayden.codes/jayden/notifications-dbus-mon.git"
      },
      "original": {
        "type": "git",
        "url": "ssh://git@git.jayden.codes/jayden/notifications-dbus-mon.git"
      }
    },
    "nur": {
      "inputs": {
        "flake-parts": [
          "stylix",
          "flake-parts"
        ],
        "nixpkgs": [
          "stylix",
          "nixpkgs"
        ]
      },
      "locked": {
        "lastModified": 1785549842,
        "narHash": "sha256-DCwBZmGsySF7oKGTRgEv2HvpxVXkHT+38VhTM76k0B4=",
        "owner": "nix-community",
        "repo": "NUR",
        "rev": "a9f987b57594e845e3e5cdd423b9a70846d70308",
        "type": "github"
      },
      "original": {
        "owner": "nix-community",
        "repo": "NUR",
        "type": "github"
      }
    },
    "prodge": {
      "inputs": {
        "crane": [
          "crane"
        ],
        "nixpkgs": [
          "nixpkgs"
        ]
      },
      "locked": {
        "lastModified": 1791315726,
        "narHash": "sha256-jlBDTgetLi647f9okFXbBGQY8Z3CQWBJzbVc7aSrSBQ=",
        "ref": "refs/heads/main",
        "rev": "0fc476dd99384b201cd136d78cf83dd0af360f15",
        "revCount": 85,
        "type": "git",
        "url": "ssh://git@git.jayden.codes/jayden/prodge.git"
      },
      "original": {
        "type": "git",
        "url": "ssh://git@git.jayden.codes/jayden/prodge.git"
      }
    },
    "root": {
      "inputs": {
        "agenix": "agenix",
        "crane": "crane",
        "git-check": "git-check",
        "guitar-midi-mapper": "guitar-midi-mapper",
        "home-manager": "home-manager",
        "ic4-scrape": "ic4-scrape",
        "mdv": "mdv",
        "mediaman": "mediaman",
        "nixpkgs": "nixpkgs",
        "nixpkgs-cuda": "nixpkgs-cuda",
        "nixpkgs-unstable": "nixpkgs-unstable",
        "notifications-dbus-mon": "notifications-dbus-mon",
        "prodge": "prodge",
        "sensors-mon": "sensors-mon",
        "spotify-dbus-mon": "spotify-dbus-mon",
        "stylix": "stylix",
        "weblogs": "weblogs"
      }
    },
    "sensors-mon": {
      "inputs": {
        "crane": [
          "crane"
        ],
        "nixpkgs": [
          "nixpkgs"
        ]
      },
      "locked": {
        "lastModified": 1790867639,
        "narHash": "sha256-7BOgoD1zsE1WBr6wxgJmOX38HIvzxqB71Hnc7Fc4ZoY=",
        "ref": "refs/heads/main",
        "rev": "c2da87cb7e4499d6e82747a0fe0cc6ce0736f24c",
        "revCount": 29,
        "type": "git",
        "url": "ssh://git@git.jayden.codes/jayden/sensors-mon.git"
      },
      "original": {
        "type": "git",
        "url": "ssh://git@git.jayden.codes/jayden/sensors-mon.git"
      }
    },
    "spotify-dbus-mon": {
      "inputs": {
        "crane": [
          "crane"
        ],
        "nixpkgs": [
          "nixpkgs"
        ]
      },
      "locked": {
        "lastModified": 1790867559,
        "narHash": "sha256-ODJhhx38EPmdZ0OLDPT1tD9v394gIz7oex2YExgvHt4=",
        "ref": "refs/heads/main",
        "rev": "6524f24b56b26e20074509a51551ee429c1f6f9e",
        "revCount": 8,
        "type": "git",
        "url": "ssh://git@git.jayden.codes/jayden/spotify-dbus-mon.git"
      },
      "original": {
        "type": "git",
        "url": "ssh://git@git.jayden.codes/jayden/spotify-dbus-mon.git"
      }
    },
    "stylix": {
      "inputs": {
        "base16": "base16",
        "base16-fish": "base16-fish",
        "base16-helix": "base16-helix",
        "base16-vim": "base16-vim",
        "firefox-gnome-theme": "firefox-gnome-theme",
        "flake-parts": "flake-parts",
        "gnome-shell": "gnome-shell",
        "nixpkgs": [
          "nixpkgs"
        ],
        "nur": "nur",
        "systems": "systems",
        "tinted-kitty": "tinted-kitty",
        "tinted-schemes": "tinted-schemes",
        "tinted-tmux": "tinted-tmux",
        "tinted-zed": "tinted-zed"
      },
      "locked": {
        "lastModified": 1790453683,
        "narHash": "sha256-ODfnSwAhOl727PhoZu5N3CwTAK8ykDX1Sm5+VD8d3Fk=",
        "owner": "nix-community",
        "repo": "stylix",
        "rev": "078d8f7f514bbe4987a754eb4a2d9e7088e9867a",
        "type": "github"
      },
      "original": {
        "owner": "nix-community",
        "ref": "release-26.05",
        "repo": "stylix",
        "type": "github"
      }
    },
    "systems": {
      "locked": {
        "lastModified": 1681028828,
        "narHash": "sha256-Vy1rq5AaRuLzOxct8nz4T6wlgyUR7zLU309k9mBC768=",
        "owner": "nix-systems",
        "repo": "default",
        "rev": "da67096a3b9bf56a91d16901293e51ba5b49a27e",
        "type": "github"
      },
      "original": {
        "owner": "nix-systems",
        "repo": "default",
        "type": "github"
      }
    },
    "tinted-kitty": {
      "flake": false,
      "locked": {
        "lastModified": 1735730497,
        "narHash": "sha256-4KtB+FiUzIeK/4aHCKce3V9HwRvYaxX+F1edUrfgzb8=",
        "owner": "tinted-theming",
        "repo": "tinted-kitty",
        "rev": "de6f888497f2c6b2279361bfc790f164bfd0f3fa",
        "type": "github"
      },
      "original": {
        "owner": "tinted-theming",
        "repo": "tinted-kitty",
        "type": "github"
      }
    },
    "tinted-schemes": {
      "flake": false,
      "locked": {
        "lastModified": 1785153830,
        "narHash": "sha256-fNdfCTeCXU3tZG3TMincd+u68qBHQgCr2Ljr/M1mWP0=",
        "owner": "tinted-theming",
        "repo": "schemes",
        "rev": "9bd28ed313560db3c5b605c63bc4e309e78e3fc8",
        "type": "github"
      },
      "original": {
        "owner": "tinted-theming",
        "repo": "schemes",
        "type": "github"
      }
    },
    "tinted-tmux": {
      "flake": false,
      "locked": {
        "lastModified": 1785031658,
        "narHash": "sha256-mZp9O2LjzdMzlqQF3l3fjqsuPBzXy+1qTfBEUGjTlpk=",
        "owner": "tinted-theming",
        "repo": "tinted-tmux",
        "rev": "5d2c67f61ea7af36f16865ab6d541cdba41dc257",
        "type": "github"
      },
      "original": {
        "owner": "tinted-theming",
        "repo": "tinted-tmux",
        "type": "github"
      }
    },
    "tinted-zed": {
      "flake": false,
      "locked": {
        "lastModified": 1785030526,
        "narHash": "sha256-klZf8UviewRkxuu74Bhbq6tqy7oxebQC7UVRWbbtQxU=",
        "owner": "tinted-theming",
        "repo": "base16-zed",
        "rev": "16f5a8adf4a6b1310d0a61ab172de963e8f76a02",
        "type": "github"
      },
      "original": {
        "owner": "tinted-theming",
        "repo": "base16-zed",
        "type": "github"
      }
    },
    "weblogs": {
      "inputs": {
        "nixpkgs": [
          "nixpkgs"
        ]
      },
      "locked": {
        "lastModified": 1790868078,
        "narHash": "sha256-DyiCEW6n29yqmW4nmRWvUTHzu/WX2EGoBvcm25tsrsk=",
        "ref": "refs/heads/master",
        "rev": "944599cf059d7c5129bf804bf842855f72c26091",
        "revCount": 84,
        "type": "git",
        "url": "ssh://git@git.jayden.codes/jayden/weblogs.git"
      },
      "original": {
        "type": "git",
        "url": "ssh://git@git.jayden.codes/jayden/weblogs.git"
      }
    }
  },
  "root": "root",
  "version": 7
}
